{
  "name": "emulate",
  "version": "1.0.0",
  "lockfileVersion": 1,
  "requires": true,
  "dependencies": {
    "vm2": {
      "version": "3.9.3",
      "resolved": "https://registry.npmjs.org/vm2/-/vm2-3.9.3.tgz",
      "integrity": "sha512-smLS+18RjXYMl9joyJxMNI9l4w7biW8ilSDaVRvFBDwOH8P0BK1ognFQTpg0wyQ6wIKLTblHJvROW692L/E53Q=="
    }
  }
}
